
Microsoft Visual Studio Solution File, Format Version 12.00
# Visual Studio Version 17
VisualStudioVersion = 17.11.35222.181
MinimumVisualStudioVersion = 10.0.40219.1
Project("{FAE04EC0-301F-11D3-BF4B-00C04F79EFBC}") = "ServerCommand", "ServerCommand\ServerCommand.csproj", "{10382127-EEAC-4D30-B63A-BF7B00D774E7}"
EndProject
Global
	GlobalSection(SolutionConfigurationPlatforms) = preSolution
		Debug|Any CPU = Debug|Any CPU
		Release|Any CPU = Release|Any CPU
	EndGlobalSection
	GlobalSection(ProjectConfigurationPlatforms) = postSolution
		{10382127-EEAC-4D30-B63A-BF7B00D774E7}.Debug|Any CPU.ActiveCfg = Debug|Any CPU
		{10382127-EEAC-4D30-B63A-BF7B00D774E7}.Debug|Any CPU.Build.0 = Debug|Any CPU
		{10382127-EEAC-4D30-B63A-BF7B00D774E7}.Release|Any CPU.ActiveCfg = Release|Any CPU
		{10382127-EEAC-4D30-B63A-BF7B00D774E7}.Release|Any CPU.Build.0 = Release|Any CPU
	EndGlobalSection
	GlobalSection(SolutionProperties) = preSolution
		HideSolutionNode = FALSE
	EndGlobalSection
	GlobalSection(ExtensibilityGlobals) = postSolution
		SolutionGuid = {D18F15F9-892A-4475-8941-89CE5AF8688B}
	EndGlobalSection
EndGlobal
